{
  "name": "ccse-ts",
  "version": "0.2.0",
  "lockfileVersion": 2,
  "requires": true,
  "packages": {
    "": {
      "name": "ccse-ts",
      "version": "0.2.0",
      "license": "GPL-3.0-or-later",
      "dependencies": {
        "@types/cookieclicker": "^2.31.5"
      }
    },
    "node_modules/@types/cookieclicker": {
      "version": "2.31.5",
      "resolved": "https://registry.npmjs.org/@types/cookieclicker/-/cookieclicker-2.31.5.tgz",
      "integrity": "sha512-hC9YRif+EpZCxNC0iISZmeglDKNKLakn6GSFRuku8+p3ZBp38prmJTbLPjbxxhC3P6p7K3iVVTZLK30EvVs1Fg=="
    }
  },
  "dependencies": {
    "@types/cookieclicker": {
      "version": "2.31.5",
      "resolved": "https://registry.npmjs.org/@types/cookieclicker/-/cookieclicker-2.31.5.tgz",
      "integrity": "sha512-hC9YRif+EpZCxNC0iISZmeglDKNKLakn6GSFRuku8+p3ZBp38prmJTbLPjbxxhC3P6p7K3iVVTZLK30EvVs1Fg=="
    }
  }
}
